
Microsoft Visual Studio Solution File, Format Version 12.00
# Visual Studio Version 16
VisualStudioVersion = 16.0.29905.134
MinimumVisualStudioVersion = 10.0.40219.1
Project("{9A19103F-16F7-4668-BE54-9A1E7A4F7556}") = "CachedImage.Core", "CachedImage.Core.csproj", "{145455B5-4F47-42DD-A463-633CF6BAD044}"
EndProject
Global
	GlobalSection(SolutionConfigurationPlatforms) = preSolution
		Debug|Any CPU = Debug|Any CPU
		Release|Any CPU = Release|Any CPU
	EndGlobalSection
	GlobalSection(ProjectConfigurationPlatforms) = postSolution
		{145455B5-4F47-42DD-A463-633CF6BAD044}.Debug|Any CPU.ActiveCfg = Debug|Any CPU
		{145455B5-4F47-42DD-A463-633CF6BAD044}.Debug|Any CPU.Build.0 = Debug|Any CPU
		{145455B5-4F47-42DD-A463-633CF6BAD044}.Release|Any CPU.ActiveCfg = Release|Any CPU
		{145455B5-4F47-42DD-A463-633CF6BAD044}.Release|Any CPU.Build.0 = Release|Any CPU
	EndGlobalSection
	GlobalSection(SolutionProperties) = preSolution
		HideSolutionNode = FALSE
	EndGlobalSection
	GlobalSection(ExtensibilityGlobals) = postSolution
		SolutionGuid = {6606542F-CC50-447A-9A9B-5C773D719B19}
	EndGlobalSection
EndGlobal
